---
lockfileVersion: 1
lockfileVendor: redhat
arches:
- arch: x86_64
  packages:
  - url: https://packages.redhat.com/api/pulp-content/public-hummingbird/x86_64/Packages/g/git-2.55.0-2.hum1.x86_64.rpm
    repoid: public-hummingbird-x86_64-rpms
    size: 48724
    checksum: sha256:f2dffadcd073ee6f25c030a044c421bedad2d9cd9b4374a0214c16205e36e78d
    name: git
    evr: 2.55.0-2.hum1
    sourcerpm: git-2.55.0-2.hum1.src.rpm
  - url: https://packages.redhat.com/api/pulp-content/public-hummingbird/x86_64/Packages/g/git-core-2.55.0-2.hum1.x86_64.rpm
    repoid: public-hummingbird-x86_64-rpms
    size: 5759965
    checksum: sha256:8ec1cc4af2814b258fd0093b9984b46c234f4c4061aec678374c900fb35a7a2f
    name: git-core
    evr: 2.55.0-2.hum1
    sourcerpm: git-2.55.0-2.hum1.src.rpm
  - url: https://packages.redhat.com/api/pulp-content/public-hummingbird/x86_64/Packages/g/git-core-doc-2.55.0-2.hum1.noarch.rpm
    repoid: public-hummingbird-x86_64-rpms
    size: 3483496
    checksum: sha256:a64b6831414b328fd293662b9e435ec65a5d7c50ad69dfac526ec27ce2b6d696
    name: git-core-doc
    evr: 2.55.0-2.hum1
    sourcerpm: git-2.55.0-2.hum1.src.rpm
  - url: https://packages.redhat.com/api/pulp-content/public-hummingbird/x86_64/Packages/g/groff-base-1.24.1-2.hum1.x86_64.rpm
    repoid: public-hummingbird-x86_64-rpms
    size: 1316439
    checksum: sha256:df45c13900ac96f2360ff48b76916fa38b37408bf388e2adcb485cc0c950ddb7
    name: groff-base
    evr: 1.24.1-2.hum1
    sourcerpm: groff-1.24.1-2.hum1.src.rpm
  - url: https://packages.redhat.com/api/pulp-content/public-hummingbird/x86_64/Packages/l/less-704-4.hum1.x86_64.rpm
    repoid: public-hummingbird-x86_64-rpms
    size: 243004
    checksum: sha256:cd63bfea209a9de5f8679c130e1d748e2a845e829dfd699ba52f19665f1a6714
    name: less
    evr: 704-4.hum1
    sourcerpm: less-704-4.hum1.src.rpm
  - url: https://packages.redhat.com/api/pulp-content/public-hummingbird/x86_64/Packages/l/less-color-704-4.hum1.x86_64.rpm
    repoid: public-hummingbird-x86_64-rpms
    size: 17226
    checksum: sha256:c5ef2affcc61ee2e1b04700993cf78091a980cac098b94862a73edcf7f955b6c
    name: less-color
    evr: 704-4.hum1
    sourcerpm: less-704-4.hum1.src.rpm
  - url: https://packages.redhat.com/api/pulp-content/public-hummingbird/x86_64/Packages/l/libedit-3.1-60.20260512cvs.hum1.x86_64.rpm
    repoid: public-hummingbird-x86_64-rpms
    size: 119199
    checksum: sha256:90c026ce92eb6cb19808ef8e8f3a4a98f4b91778d905cfa28eb17a115ad2bd2f
    name: libedit
    evr: 3.1-60.20260512cvs.hum1
    sourcerpm: libedit-3.1-60.20260512cvs.hum1.src.rpm
  - url: https://packages.redhat.com/api/pulp-content/public-hummingbird/x86_64/Packages/n/ncurses-6.6-3.hum1.x86_64.rpm
    repoid: public-hummingbird-x86_64-rpms
    size: 450634
    checksum: sha256:58759905f6ac15f86aca7c47e0a3567d4e59dfbb1afe5f323c9b418cfe30bd3f
    name: ncurses
    evr: 6.6-3.hum1
    sourcerpm: ncurses-6.6-3.hum1.src.rpm
  - url: https://packages.redhat.com/api/pulp-content/public-hummingbird/x86_64/Packages/o/openssh-10.4p1-4.hum1.x86_64.rpm
    repoid: public-hummingbird-x86_64-rpms
    size: 392704
    checksum: sha256:ea4064897352123219761ff0a759009727786f437b74b9524d644ccc94ee43b7
    name: openssh
    evr: 10.4p1-4.hum1
    sourcerpm: openssh-10.4p1-4.hum1.src.rpm
  - url: https://packages.redhat.com/api/pulp-content/public-hummingbird/x86_64/Packages/o/openssh-clients-10.4p1-4.hum1.x86_64.rpm
    repoid: public-hummingbird-x86_64-rpms
    size: 850668
    checksum: sha256:1408ac50f464c878f70f9b75e4b7bbb2fa57219f47c0a8e382be633cc4b5a66c
    name: openssh-clients
    evr: 10.4p1-4.hum1
    sourcerpm: openssh-10.4p1-4.hum1.src.rpm
  - url: https://packages.redhat.com/api/pulp-content/public-hummingbird/x86_64/Packages/p/perl-AutoLoader-5.74-525.hum1.noarch.rpm
    repoid: public-hummingbird-x86_64-rpms
    size: 27578
    checksum: sha256:f4c2ada31e7e2d719f09e3ffd292b5f56bae6b1474c75cd5926e8401d8a9a7db
    name: perl-AutoLoader
    evr: 5.74-525.hum1
    sourcerpm: perl-5.42.2-525.hum1.src.rpm
  - url: https://packages.redhat.com/api/pulp-content/public-hummingbird/x86_64/Packages/p/perl-B-1.89-525.hum1.x86_64.rpm
    repoid: public-hummingbird-x86_64-rpms
    size: 191199
    checksum: sha256:e3e30d50cb473ce85caaaa309c3dd3941bd23b10eaac280f122b41ccdc8f1062
    name: perl-B
    evr: 1.89-525.hum1
    sourcerpm: perl-5.42.2-525.hum1.src.rpm
  - url: https://packages.redhat.com/api/pulp-content/public-hummingbird/x86_64/Packages/p/perl-Carp-1.54-527.hum1.noarch.rpm
    repoid: public-hummingbird-x86_64-rpms
    size: 35600
    checksum: sha256:4bd026982487443226a12ce6d3fda91e30569503f5384f378b88401a7d4f6658
    name: perl-Carp
    evr: 1.54-527.hum1
    sourcerpm: perl-Carp-1.54-527.hum1.src.rpm
  - url: https://packages.redhat.com/api/pulp-content/public-hummingbird/x86_64/Packages/p/perl-Class-Struct-0.68-525.hum1.noarch.rpm
    repoid: public-hummingbird-x86_64-rpms
    size: 28446
    checksum: sha256:fb4fe59a8c6ac257ab654c46f8c9c5222b985cf93ad8ed7605f4e981e6a8490b
    name: perl-Class-Struct
    evr: 0.68-525.hum1
    sourcerpm: perl-5.42.2-525.hum1.src.rpm
  - url: https://packages.redhat.com/api/pulp-content/public-hummingbird/x86_64/Packages/p/perl-Data-Dumper-2.192-528.hum1.x86_64.rpm
    repoid: public-hummingbird-x86_64-rpms
    size: 63856
    checksum: sha256:c41aedda2f75a3e6cfc237afa567d85ba5f771f8204b81cb67db0c81a257015d
    name: perl-Data-Dumper
    evr: 2.192-528.hum1
    sourcerpm: perl-Data-Dumper-2.192-528.hum1.src.rpm
  - url: https://packages.redhat.com/api/pulp-content/public-hummingbird/x86_64/Packages/p/perl-Digest-1.20-527.hum1.noarch.rpm
    repoid: public-hummingbird-x86_64-rpms
    size: 31712
    checksum: sha256:19a915a6f1e5d81f253e94f37ecdce8cd44415cd465369da4c5524e801ad09f7
    name: perl-Digest
    evr: 1.20-527.hum1
    sourcerpm: perl-Digest-1.20-527.hum1.src.rpm
  - url: https://packages.redhat.com/api/pulp-content/public-hummingbird/x86_64/Packages/p/perl-Digest-MD5-2.59-527.hum1.x86_64.rpm
    repoid: public-hummingbird-x86_64-rpms
    size: 42879
    checksum: sha256:aae9e1040b841a4b65de46cf8e77d348f150cb97938501e65da37368fd90bea0
    name: perl-Digest-MD5
    evr: 2.59-527.hum1
    sourcerpm: perl-Digest-MD5-2.59-527.hum1.src.rpm
  - url: https://packages.redhat.com/api/pulp-content/public-hummingbird/x86_64/Packages/p/perl-DynaLoader-1.57-525.hum1.x86_64.rpm
    repoid: public-hummingbird-x86_64-rpms
    size: 32453
    checksum: sha256:307f62a6d522cc5a24af7d51d03021c6d98fb82f96cafaac49054383bd20b22c
    name: perl-DynaLoader
    evr: 1.57-525.hum1
    sourcerpm: perl-5.42.2-525.hum1.src.rpm
  - url: https://packages.redhat.com/api/pulp-content/public-hummingbird/x86_64/Packages/p/perl-Encode-3.24-527.hum1.x86_64.rpm
    repoid: public-hummingbird-x86_64-rpms
    size: 1119809
    checksum: sha256:0c562d4e6b58307b11fc38a154f890dc6f1e306701e4541053f22bff66aba99a
    name: perl-Encode
    evr: 4:3.24-527.hum1
    sourcerpm: perl-Encode-3.24-527.hum1.src.rpm
  - url: https://packages.redhat.com/api/pulp-content/public-hummingbird/x86_64/Packages/p/perl-Errno-1.38-525.hum1.x86_64.rpm
    repoid: public-hummingbird-x86_64-rpms
    size: 21128
    checksum: sha256:46010798f3947453b538d04badc61af6145e86462fc68d6dc497c4f6112c25fb
    name: perl-Errno
    evr: 1.38-525.hum1
    sourcerpm: perl-5.42.2-525.hum1.src.rpm
  - url: https://packages.redhat.com/api/pulp-content/public-hummingbird/x86_64/Packages/p/perl-Error-0.17030-4.hum1.noarch.rpm
    repoid: public-hummingbird-x86_64-rpms
    size: 49258
    checksum: sha256:912b22d97f0b8517fa6569aae9533e75f6a86c4989663bf56a85486c687331e1
    name: perl-Error
    evr: 1:0.17030-4.hum1
    sourcerpm: perl-Error-0.17030-4.hum1.src.rpm
  - url: https://packages.redhat.com/api/pulp-content/public-hummingbird/x86_64/Packages/p/perl-Exporter-5.79-527.hum1.noarch.rpm
    repoid: public-hummingbird-x86_64-rpms
    size: 37700
    checksum: sha256:8bdb75dce02652d682dd16801743617a167e685d00464f6ae3ef0b1cbded3b2e
    name: perl-Exporter
    evr: 5.79-527.hum1
    sourcerpm: perl-Exporter-5.79-527.hum1.src.rpm
  - url: https://packages.redhat.com/api/pulp-content/public-hummingbird/x86_64/Packages/p/perl-Fcntl-1.20-525.hum1.x86_64.rpm
    repoid: public-hummingbird-x86_64-rpms
    size: 36292
    checksum: sha256:015ca08148bd456ba77bbdd37c33593fdecc14fb6b2e8ad23b25091b897a45aa
    name: perl-Fcntl
    evr: 1.20-525.hum1
    sourcerpm: perl-5.42.2-525.hum1.src.rpm
  - url: https://packages.redhat.com/api/pulp-content/public-hummingbird/x86_64/Packages/p/perl-File-Basename-2.86-525.hum1.noarch.rpm
    repoid: public-hummingbird-x86_64-rpms
    size: 23404
    checksum: sha256:98f864fa6ae51d04bd0b0b155b47bb16bb8e75b62388b694b7555ffcd6597ab7
    name: perl-File-Basename
    evr: 2.86-525.hum1
    sourcerpm: perl-5.42.2-525.hum1.src.rpm
  - url: https://packages.redhat.com/api/pulp-content/public-hummingbird/x86_64/Packages/p/perl-File-Path-2.18-527.hum1.noarch.rpm
    repoid: public-hummingbird-x86_64-rpms
    size: 42012
    checksum: sha256:8c97c0aad911c10449c5234fc7626d53aa007c81b3234f3cc6d0e3721b12f862
    name: perl-File-Path
    evr: 2.18-527.hum1
    sourcerpm: perl-File-Path-2.18-527.hum1.src.rpm
  - url: https://packages.redhat.com/api/pulp-content/public-hummingbird/x86_64/Packages/p/perl-File-Temp-0.231.200-527.hum1.noarch.rpm
    repoid: public-hummingbird-x86_64-rpms
    size: 67066
    checksum: sha256:7fa704f2ac494a8c95bd06ea94719576f6b2121abc47ba81a82c1316b9fe6627
    name: perl-File-Temp
    evr: 1:0.231.200-527.hum1
    sourcerpm: perl-File-Temp-0.231.200-527.hum1.src.rpm
  - url: https://packages.redhat.com/api/pulp-content/public-hummingbird/x86_64/Packages/p/perl-File-stat-1.14-525.hum1.noarch.rpm
    repoid: public-hummingbird-x86_64-rpms
    size: 23285
    checksum: sha256:55710136b88d27f206c423fb02b1b2b5656316bc7b9023928b83abc610178bca
    name: perl-File-stat
    evr: 1.14-525.hum1
    sourcerpm: perl-5.42.2-525.hum1.src.rpm
  - url: https://packages.redhat.com/api/pulp-content/public-hummingbird/x86_64/Packages/p/perl-FileHandle-2.05-525.hum1.noarch.rpm
    repoid: public-hummingbird-x86_64-rpms
    size: 21698
    checksum: sha256:b15dddfddb3c233eb714eff679a6189a15bfda60c17e99b7854b08250cf74068
    name: perl-FileHandle
    evr: 2.05-525.hum1
    sourcerpm: perl-5.42.2-525.hum1.src.rpm
  - url: https://packages.redhat.com/api/pulp-content/public-hummingbird/x86_64/Packages/p/perl-Getopt-Long-2.58-527.hum1.noarch.rpm
    repoid: public-hummingbird-x86_64-rpms
    size: 72058
    checksum: sha256:2d0b4744c90f2e4190b676bd6d842f8836a784a329822587d98c2f112c87f864
    name: perl-Getopt-Long
    evr: 1:2.58-527.hum1
    sourcerpm: perl-Getopt-Long-2.58-527.hum1.src.rpm
  - url: https://packages.redhat.com/api/pulp-content/public-hummingbird/x86_64/Packages/p/perl-Getopt-Std-1.14-525.hum1.noarch.rpm
    repoid: public-hummingbird-x86_64-rpms
    size: 21894
    checksum: sha256:dd0f176058f2594f5734c51e354df18a87fc484da24b37318096e2008efd1499
    name: perl-Getopt-Std
    evr: 1.14-525.hum1
    sourcerpm: perl-5.42.2-525.hum1.src.rpm
  - url: https://packages.redhat.com/api/pulp-content/public-hummingbird/x86_64/Packages/p/perl-Git-2.55.0-2.hum1.noarch.rpm
    repoid: public-hummingbird-x86_64-rpms
    size: 45150
    checksum: sha256:08db8f58e3d1ca9cafbf2696848de8dc5a4cef9cc10071508033729822490daf
    name: perl-Git
    evr: 2.55.0-2.hum1
    sourcerpm: git-2.55.0-2.hum1.src.rpm
  - url: https://packages.redhat.com/api/pulp-content/public-hummingbird/x86_64/Packages/p/perl-HTTP-Tiny-0.096-528.hum1.noarch.rpm
    repoid: public-hummingbird-x86_64-rpms
    size: 66103
    checksum: sha256:9733de4714cf65c36b9cd2c2eaca5f804667b18c860f8ff18edaa6dc88d04383
    name: perl-HTTP-Tiny
    evr: 0.096-528.hum1
    sourcerpm: perl-HTTP-Tiny-0.096-528.hum1.src.rpm
  - url: https://packages.redhat.com/api/pulp-content/public-hummingbird/x86_64/Packages/p/perl-IO-1.55-525.hum1.x86_64.rpm
    repoid: public-hummingbird-x86_64-rpms
    size: 90563
    checksum: sha256:d4fcb94f68302289782a2c65a7ac82bf9b26219c4919cd81570bb11ec8ff8122
    name: perl-IO
    evr: 1.55-525.hum1
    sourcerpm: perl-5.42.2-525.hum1.src.rpm
  - url: https://packages.redhat.com/api/pulp-content/public-hummingbird/x86_64/Packages/p/perl-IO-Socket-IP-0.44-528.hum1.noarch.rpm
    repoid: public-hummingbird-x86_64-rpms
    size: 49487
    checksum: sha256:31a6eb218198fa739ac3c00946a3ffef23b8090f090c6c02a1bce99f6cc88d04
    name: perl-IO-Socket-IP
    evr: 0.44-528.hum1
    sourcerpm: perl-IO-Socket-IP-0.44-528.hum1.src.rpm
  - url: https://packages.redhat.com/api/pulp-content/public-hummingbird/x86_64/Packages/p/perl-IO-Socket-SSL-2.099-2.1.hum1.noarch.rpm
    repoid: public-hummingbird-x86_64-rpms
    size: 250812
    checksum: sha256:cd9b03b2f447f01d5fcdf4bd8a471f63c1329fd89e216789ebe246884e4e27b4
    name: perl-IO-Socket-SSL
    evr: 2.099-2.1.hum1
    sourcerpm: perl-IO-Socket-SSL-2.099-2.1.hum1.src.rpm
  - url: https://packages.redhat.com/api/pulp-content/public-hummingbird/x86_64/Packages/p/perl-IPC-Open3-1.24-525.hum1.noarch.rpm
    repoid: public-hummingbird-x86_64-rpms
    size: 30448
    checksum: sha256:3f6cac21515bb9b2e64706606c23519e57e9319dd1525af8eece1147b60678d6
    name: perl-IPC-Open3
    evr: 1.24-525.hum1
    sourcerpm: perl-5.42.2-525.hum1.src.rpm
  - url: https://packages.redhat.com/api/pulp-content/public-hummingbird/x86_64/Packages/p/perl-MIME-Base32-1.303-25.1.hum1.noarch.rpm
    repoid: public-hummingbird-x86_64-rpms
    size: 27454
    checksum: sha256:9ddb66af159e7368a9e3a3aebfe7c686910721faedb09bd51ee8e8d25c57f5af
    name: perl-MIME-Base32
    evr: 1.303-25.1.hum1
    sourcerpm: perl-MIME-Base32-1.303-25.1.hum1.src.rpm
  - url: https://packages.redhat.com/api/pulp-content/public-hummingbird/x86_64/Packages/p/perl-MIME-Base64-3.16-527.hum1.x86_64.rpm
    repoid: public-hummingbird-x86_64-rpms
    size: 36853
    checksum: sha256:6a2a0fb446f7ff50fde0700dba37a274e445e10f7141bc06d0b945d78a2fb3a5
    name: perl-MIME-Base64
    evr: 3.16-527.hum1
    sourcerpm: perl-MIME-Base64-3.16-527.hum1.src.rpm
  - url: https://packages.redhat.com/api/pulp-content/public-hummingbird/x86_64/Packages/p/perl-NDBM_File-1.18-525.hum1.x86_64.rpm
    repoid: public-hummingbird-x86_64-rpms
    size: 28884
    checksum: sha256:79a31846228d3dd9f59bfa58c67f34a72e4acd720492980c3e2363de52d0d929
    name: perl-NDBM_File
    evr: 1.18-525.hum1
    sourcerpm: perl-5.42.2-525.hum1.src.rpm
  - url: https://packages.redhat.com/api/pulp-content/public-hummingbird/x86_64/Packages/p/perl-Net-SSLeay-1.96-5.1.hum1.x86_64.rpm
    repoid: public-hummingbird-x86_64-rpms
    size: 397789
    checksum: sha256:630c0b70a28b2dd6a2caa64064da7faac555723784f52523fddf8d3542d7bd4c
    name: perl-Net-SSLeay
    evr: 1.96-5.1.hum1
    sourcerpm: perl-Net-SSLeay-1.96-5.1.hum1.src.rpm
  - url: https://packages.redhat.com/api/pulp-content/public-hummingbird/x86_64/Packages/p/perl-POSIX-2.23-525.hum1.x86_64.rpm
    repoid: public-hummingbird-x86_64-rpms
    size: 105149
    checksum: sha256:185c3c4fb27368ce5b158878935e250e3fa3acf197cb59f93628bc3f1b5fde1b
    name: perl-POSIX
    evr: 2.23-525.hum1
    sourcerpm: perl-5.42.2-525.hum1.src.rpm
  - url: https://packages.redhat.com/api/pulp-content/public-hummingbird/x86_64/Packages/p/perl-PathTools-3.95-527.hum1.x86_64.rpm
    repoid: public-hummingbird-x86_64-rpms
    size: 96093
    checksum: sha256:c4a0ab86a4cf8eaca929b0c82d353d1acf1cc9593eb3442d83efa03d575bd13b
    name: perl-PathTools
    evr: 3.95-527.hum1
    sourcerpm: perl-PathTools-3.95-527.hum1.src.rpm
  - url: https://packages.redhat.com/api/pulp-content/public-hummingbird/x86_64/Packages/p/perl-Pod-Escapes-1.07-527.hum1.noarch.rpm
    repoid: public-hummingbird-x86_64-rpms
    size: 26240
    checksum: sha256:a8477edf878ffb6d114aca7ce8878608ad138b232e4fc9d04235876d71433716
    name: perl-Pod-Escapes
    evr: 1:1.07-527.hum1
    sourcerpm: perl-Pod-Escapes-1.07-527.hum1.src.rpm
  - url: https://packages.redhat.com/api/pulp-content/public-hummingbird/x86_64/Packages/p/perl-Pod-Perldoc-3.28.01-528.hum1.noarch.rpm
    repoid: public-hummingbird-x86_64-rpms
    size: 95200
    checksum: sha256:853feb9c0af91bcb9d37a5ebc669991cb8a6fedefd1ad8983ea96d9e01ee42df
    name: perl-Pod-Perldoc
    evr: 3.28.01-528.hum1
    sourcerpm: perl-Pod-Perldoc-3.28.01-528.hum1.src.rpm
  - url: https://packages.redhat.com/api/pulp-content/public-hummingbird/x86_64/Packages/p/perl-Pod-Simple-3.48-527.hum1.noarch.rpm
    repoid: public-hummingbird-x86_64-rpms
    size: 234428
    checksum: sha256:e9d0da346f4e213179d3362ba2b1da340996152693ac23eee86acfe5a23c3e5a
    name: perl-Pod-Simple
    evr: 1:3.48-527.hum1
    sourcerpm: perl-Pod-Simple-3.48-527.hum1.src.rpm
  - url: https://packages.redhat.com/api/pulp-content/public-hummingbird/x86_64/Packages/p/perl-Pod-Usage-2.05-527.hum1.noarch.rpm
    repoid: public-hummingbird-x86_64-rpms
    size: 47612
    checksum: sha256:93e91b28f20969a3689530d6deeeaf3d685d90fbe2017b88101c4924c83230bd
    name: perl-Pod-Usage
    evr: 4:2.05-527.hum1
    sourcerpm: perl-Pod-Usage-2.05-527.hum1.src.rpm
  - url: https://packages.redhat.com/api/pulp-content/public-hummingbird/x86_64/Packages/p/perl-Scalar-List-Utils-1.70-527.hum1.x86_64.rpm
    repoid: public-hummingbird-x86_64-rpms
    size: 86257
    checksum: sha256:87bbe09d1f8577155eccd0454a39b59d5bbd8a7d21383727090a73ad3d4ffe7c
    name: perl-Scalar-List-Utils
    evr: 5:1.70-527.hum1
    sourcerpm: perl-Scalar-List-Utils-1.70-527.hum1.src.rpm
  - url: https://packages.redhat.com/api/pulp-content/public-hummingbird/x86_64/Packages/p/perl-SelectSaver-1.02-525.hum1.noarch.rpm
    repoid: public-hummingbird-x86_64-rpms
    size: 17832
    checksum: sha256:5dd17672fb6a0f0dd74c73f88a798979fb8c23658e15ba105353fcd22e9494f0
    name: perl-SelectSaver
    evr: 1.02-525.hum1
    sourcerpm: perl-5.42.2-525.hum1.src.rpm
  - url: https://packages.redhat.com/api/pulp-content/public-hummingbird/x86_64/Packages/p/perl-Socket-2.043-1.hum1.x86_64.rpm
    repoid: public-hummingbird-x86_64-rpms
    size: 63451
    checksum: sha256:57a11fb4a37203623a0812b9e95018779f2b3f8bb345e3c80db244881a227f0d
    name: perl-Socket
    evr: 4:2.043-1.hum1
    sourcerpm: perl-Socket-2.043-1.hum1.src.rpm
  - url: https://packages.redhat.com/api/pulp-content/public-hummingbird/x86_64/Packages/p/perl-Storable-3.41-527.hum1.x86_64.rpm
    repoid: public-hummingbird-x86_64-rpms
    size: 109298
    checksum: sha256:482445fcef6f1076c089e4e2968fba411ac6d4173f34811b11fd6b8e564b72dd
    name: perl-Storable
    evr: 1:3.41-527.hum1
    sourcerpm: perl-Storable-3.41-527.hum1.src.rpm
  - url: https://packages.redhat.com/api/pulp-content/public-hummingbird/x86_64/Packages/p/perl-Symbol-1.09-525.hum1.noarch.rpm
    repoid: public-hummingbird-x86_64-rpms
    size: 20369
    checksum: sha256:bfda450c8c3845f3da5261010843e706c39afb48c3019303d7e7ae685fc8aca0
    name: perl-Symbol
    evr: 1.09-525.hum1
    sourcerpm: perl-5.42.2-525.hum1.src.rpm
  - url: https://packages.redhat.com/api/pulp-content/public-hummingbird/x86_64/Packages/p/perl-Term-ANSIColor-5.01-528.hum1.noarch.rpm
    repoid: public-hummingbird-x86_64-rpms
    size: 54824
    checksum: sha256:75a2f5e488f5a29c7d978d9c80a7547b800ab629a201c5642be834a92ef20aa7
    name: perl-Term-ANSIColor
    evr: 5.01-528.hum1
    sourcerpm: perl-Term-ANSIColor-5.01-528.hum1.src.rpm
  - url: https://packages.redhat.com/api/pulp-content/public-hummingbird/x86_64/Packages/p/perl-Term-Cap-1.18-527.hum1.noarch.rpm
    repoid: public-hummingbird-x86_64-rpms
    size: 28504
    checksum: sha256:d58085c00400575b48581d6edf47db283ca9feee933872aa27d9b8cbce4bc672
    name: perl-Term-Cap
    evr: 1.18-527.hum1
    sourcerpm: perl-Term-Cap-1.18-527.hum1.src.rpm
  - url: https://packages.redhat.com/api/pulp-content/public-hummingbird/x86_64/Packages/p/perl-TermReadKey-2.38-29.hum1.x86_64.rpm
    repoid: public-hummingbird-x86_64-rpms
    size: 42585
    checksum: sha256:20ea3c00ad2195380b57d9c37e2a7d6660f06d9d392a492d4f7d53768bae8e9f
    name: perl-TermReadKey
    evr: 2.38-29.hum1
    sourcerpm: perl-TermReadKey-2.38-29.hum1.src.rpm
  - url: https://packages.redhat.com/api/pulp-content/public-hummingbird/x86_64/Packages/p/perl-Text-ParseWords-3.31-527.hum1.noarch.rpm
    repoid: public-hummingbird-x86_64-rpms
    size: 22943
    checksum: sha256:d2207a60cb1b4acba2417fa9c2713f1eb4c2df40af46f96cbd485cab65b58f8f
    name: perl-Text-ParseWords
    evr: 3.31-527.hum1
    sourcerpm: perl-Text-ParseWords-3.31-527.hum1.src.rpm
  - url: https://packages.redhat.com/api/pulp-content/public-hummingbird/x86_64/Packages/p/perl-Text-Tabs+Wrap-2024.001-527.hum1.noarch.rpm
    repoid: public-hummingbird-x86_64-rpms
    size: 28402
    checksum: sha256:fe905721b313256715d52e0204d27a56df731bd3ea99b9eeb09c6cce0bd65a19
    name: perl-Text-Tabs+Wrap
    evr: 2024.001-527.hum1
    sourcerpm: perl-Text-Tabs+Wrap-2024.001-527.hum1.src.rpm
  - url: https://packages.redhat.com/api/pulp-content/public-hummingbird/x86_64/Packages/p/perl-Time-HiRes-1.9780-527.hum1.x86_64.rpm
    repoid: public-hummingbird-x86_64-rpms
    size: 64624
    checksum: sha256:1c2b48909ac53e1a144dc00cd7f410ff08d73e2a24bb55b38a70b1d304aed9a2
    name: perl-Time-HiRes
    evr: 4:1.9780-527.hum1
    sourcerpm: perl-Time-HiRes-1.9780-527.hum1.src.rpm
  - url: https://packages.redhat.com/api/pulp-content/public-hummingbird/x86_64/Packages/p/perl-Time-Local-1.350-527.hum1.noarch.rpm
    repoid: public-hummingbird-x86_64-rpms
    size: 41348
    checksum: sha256:560d997a1f0931c3c16e9160f3fbd90ff4386d70180f41167db5da6cfe38e802
    name: perl-Time-Local
    evr: 2:1.350-527.hum1
    sourcerpm: perl-Time-Local-1.350-527.hum1.src.rpm
  - url: https://packages.redhat.com/api/pulp-content/public-hummingbird/x86_64/Packages/p/perl-URI-5.35-2.hum1.noarch.rpm
    repoid: public-hummingbird-x86_64-rpms
    size: 164299
    checksum: sha256:5f6442d6a75d639c79bcef7404a9b6435799288b01851c1318292b86083b6bf8
    name: perl-URI
    evr: 5.35-2.hum1
    sourcerpm: perl-URI-5.35-2.hum1.src.rpm
  - url: https://packages.redhat.com/api/pulp-content/public-hummingbird/x86_64/Packages/p/perl-base-2.27-525.hum1.noarch.rpm
    repoid: public-hummingbird-x86_64-rpms
    size: 22436
    checksum: sha256:40cd283490d0462999bc8dc2db51c1a1b3bad654a5c5728c31f6e5f68ecde877
    name: perl-base
    evr: 2.27-525.hum1
    sourcerpm: perl-5.42.2-525.hum1.src.rpm
  - url: https://packages.redhat.com/api/pulp-content/public-hummingbird/x86_64/Packages/p/perl-constant-1.33-528.hum1.noarch.rpm
    repoid: public-hummingbird-x86_64-rpms
    size: 29538
    checksum: sha256:bbadb369c6460bd3b0f8daf57f49e917238715b2a8ef5cbd94b65aa1de304c99
    name: perl-constant
    evr: 1.33-528.hum1
    sourcerpm: perl-constant-1.33-528.hum1.src.rpm
  - url: https://packages.redhat.com/api/pulp-content/public-hummingbird/x86_64/Packages/p/perl-if-0.61.000-525.hum1.noarch.rpm
    repoid: public-hummingbird-x86_64-rpms
    size: 20166
    checksum: sha256:36b4050f3550890cb80ae5f910c22b92f4e570f0773716f6394e79f5b841337d
    name: perl-if
    evr: 0.61.000-525.hum1
    sourcerpm: perl-5.42.2-525.hum1.src.rpm
  - url: https://packages.redhat.com/api/pulp-content/public-hummingbird/x86_64/Packages/p/perl-interpreter-5.42.2-525.hum1.x86_64.rpm
    repoid: public-hummingbird-x86_64-rpms
    size: 80041
    checksum: sha256:76aa02ee9188160d9f02fdb772d0e2e92554bdd13f621b5213f989ed950f2fb4
    name: perl-interpreter
    evr: 4:5.42.2-525.hum1
    sourcerpm: perl-5.42.2-525.hum1.src.rpm
  - url: https://packages.redhat.com/api/pulp-content/public-hummingbird/x86_64/Packages/p/perl-lib-0.65-525.hum1.x86_64.rpm
    repoid: public-hummingbird-x86_64-rpms
    size: 21117
    checksum: sha256:10f4b17a0eee8ff55e4f3cbe5c3176b9685f6c443d7da13d946758d75b2e7976
    name: perl-lib
    evr: 0.65-525.hum1
    sourcerpm: perl-5.42.2-525.hum1.src.rpm
  - url: https://packages.redhat.com/api/pulp-content/public-hummingbird/x86_64/Packages/p/perl-libnet-3.15-528.hum1.noarch.rpm
    repoid: public-hummingbird-x86_64-rpms
    size: 137095
    checksum: sha256:269f02742f11104b29a4fcf3fdce74b677fb1f5d6511e68ce25daa1dbcdca77d
    name: perl-libnet
    evr: 3.15-528.hum1
    sourcerpm: perl-libnet-3.15-528.hum1.src.rpm
  - url: https://packages.redhat.com/api/pulp-content/public-hummingbird/x86_64/Packages/p/perl-libs-5.42.2-525.hum1.x86_64.rpm
    repoid: public-hummingbird-x86_64-rpms
    size: 2775038
    checksum: sha256:23301bf0f399b04375fb9cdfeea0f5bd8425f2e85739809306a602ac9d653696
    name: perl-libs
    evr: 4:5.42.2-525.hum1
    sourcerpm: perl-5.42.2-525.hum1.src.rpm
  - url: https://packages.redhat.com/api/pulp-content/public-hummingbird/x86_64/Packages/p/perl-locale-1.13-525.hum1.noarch.rpm
    repoid: public-hummingbird-x86_64-rpms
    size: 19650
    checksum: sha256:97966d5d9c137971e090bfe56f72a4bc7ecdf11ea9afe9bd41c02f8ded5abedc
    name: perl-locale
    evr: 1.13-525.hum1
    sourcerpm: perl-5.42.2-525.hum1.src.rpm
  - url: https://packages.redhat.com/api/pulp-content/public-hummingbird/x86_64/Packages/p/perl-mro-1.29-525.hum1.x86_64.rpm
    repoid: public-hummingbird-x86_64-rpms
    size: 36360
    checksum: sha256:1db9cd16b99e6130143621b7c2d815845f94fc6dad34fc0f75f8cffa5ab2b3ba
    name: perl-mro
    evr: 1.29-525.hum1
    sourcerpm: perl-5.42.2-525.hum1.src.rpm
  - url: https://packages.redhat.com/api/pulp-content/public-hummingbird/x86_64/Packages/p/perl-overload-1.40-525.hum1.noarch.rpm
    repoid: public-hummingbird-x86_64-rpms
    size: 52479
    checksum: sha256:860d4d80cc36026ac41942ada08ab0940a4a6ea91ecdd5c688f1b4c1ed70b500
    name: perl-overload
    evr: 1.40-525.hum1
    sourcerpm: perl-5.42.2-525.hum1.src.rpm
  - url: https://packages.redhat.com/api/pulp-content/public-hummingbird/x86_64/Packages/p/perl-overloading-0.02-525.hum1.noarch.rpm
    repoid: public-hummingbird-x86_64-rpms
    size: 19039
    checksum: sha256:44d5491a764a9a4a99334f0bafcecece3ba5e33afc634f00b65d6a63a1a57fbd
    name: perl-overloading
    evr: 0.02-525.hum1
    sourcerpm: perl-5.42.2-525.hum1.src.rpm
  - url: https://packages.redhat.com/api/pulp-content/public-hummingbird/x86_64/Packages/p/perl-parent-0.244-527.hum1.noarch.rpm
    repoid: public-hummingbird-x86_64-rpms
    size: 21311
    checksum: sha256:cc09dc99d6673fb69bd24efe4ca546d80894677d4b5341ec069f329e554aa46d
    name: perl-parent
    evr: 1:0.244-527.hum1
    sourcerpm: perl-parent-0.244-527.hum1.src.rpm
  - url: https://packages.redhat.com/api/pulp-content/public-hummingbird/x86_64/Packages/p/perl-podlators-6.1.0-2.hum1.noarch.rpm
    repoid: public-hummingbird-x86_64-rpms
    size: 140021
    checksum: sha256:65d315d970086e50ef5c0272dd7e1bf64385da4027c0d64c189e665bfad12800
    name: perl-podlators
    evr: 1:6.1.0-2.hum1
    sourcerpm: perl-podlators-6.1.0-2.hum1.src.rpm
  - url: https://packages.redhat.com/api/pulp-content/public-hummingbird/x86_64/Packages/p/perl-vars-1.05-525.hum1.noarch.rpm
    repoid: public-hummingbird-x86_64-rpms
    size: 19126
    checksum: sha256:0e877815d7503b8640955de83babf46fee61d63bf9c95f251eff082e8e7e28af
    name: perl-vars
    evr: 1.05-525.hum1
    sourcerpm: perl-5.42.2-525.hum1.src.rpm
  - url: https://packages.redhat.com/api/pulp-content/public-hummingbird/x86_64/Packages/u/unzip-6.0-71.hum1.x86_64.rpm
    repoid: public-hummingbird-x86_64-rpms
    size: 212951
    checksum: sha256:be2e66ffd7bff83fea6e3793bfda0a926deb6cd1e04ecf58d094ec9f74c57f74
    name: unzip
    evr: 6.0-71.hum1
    sourcerpm: unzip-6.0-71.hum1.src.rpm
  source: []
  module_metadata: []
